
Microsoft Visual Studio Solution File, Format Version 12.00
# Visual Studio Version 16
VisualStudioVersion = 16.0.29806.167
MinimumVisualStudioVersion = 10.0.40219.1
Project("{FAE04EC0-301F-11D3-BF4B-00C04F79EFBC}") = "UretimAgaci", "UretimAgaci.csproj", "{C18DE9A8-34EB-4271-9C04-6315E4EEC40E}"
EndProject
Global
	GlobalSection(SolutionConfigurationPlatforms) = preSolution
		Debug|Any CPU = Debug|Any CPU
		Release|Any CPU = Release|Any CPU
	EndGlobalSection
	GlobalSection(ProjectConfigurationPlatforms) = postSolution
		{C18DE9A8-34EB-4271-9C04-6315E4EEC40E}.Debug|Any CPU.ActiveCfg = Debug|Any CPU
		{C18DE9A8-34EB-4271-9C04-6315E4EEC40E}.Debug|Any CPU.Build.0 = Debug|Any CPU
		{C18DE9A8-34EB-4271-9C04-6315E4EEC40E}.Release|Any CPU.ActiveCfg = Release|Any CPU
		{C18DE9A8-34EB-4271-9C04-6315E4EEC40E}.Release|Any CPU.Build.0 = Release|Any CPU
	EndGlobalSection
	GlobalSection(SolutionProperties) = preSolution
		HideSolutionNode = FALSE
	EndGlobalSection
	GlobalSection(ExtensibilityGlobals) = postSolution
		SolutionGuid = {5D5EFF27-5F7C-478B-AF75-04F5E9E75881}
	EndGlobalSection
EndGlobal
